
Microsoft Visual Studio Solution File, Format Version 12.00
# Visual Studio 15
VisualStudioVersion = 15.0.27130.2036
MinimumVisualStudioVersion = 10.0.40219.1
Project("{FAE04EC0-301F-11D3-BF4B-00C04F79EFBC}") = "admin tool win forms", "admin tool win forms.csproj", "{C125408D-8812-4D5A-ADA3-6A535DFAA922}"
EndProject
Global
	GlobalSection(SolutionConfigurationPlatforms) = preSolution
		Debug|Any CPU = Debug|Any CPU
		Release|Any CPU = Release|Any CPU
	EndGlobalSection
	GlobalSection(ProjectConfigurationPlatforms) = postSolution
		{C125408D-8812-4D5A-ADA3-6A535DFAA922}.Debug|Any CPU.ActiveCfg = Debug|Any CPU
		{C125408D-8812-4D5A-ADA3-6A535DFAA922}.Debug|Any CPU.Build.0 = Debug|Any CPU
		{C125408D-8812-4D5A-ADA3-6A535DFAA922}.Release|Any CPU.ActiveCfg = Release|Any CPU
		{C125408D-8812-4D5A-ADA3-6A535DFAA922}.Release|Any CPU.Build.0 = Release|Any CPU
	EndGlobalSection
	GlobalSection(SolutionProperties) = preSolution
		HideSolutionNode = FALSE
	EndGlobalSection
	GlobalSection(ExtensibilityGlobals) = postSolution
		SolutionGuid = {5309A686-997F-4FC3-8038-DA01FA15A253}
	EndGlobalSection
EndGlobal
